# This file is automatically @generated by Poetry 1.6.1 and should not be changed by hand.

[[package]]
name = "bpf-asm"
version = "0.1.2"
description = "Python BPF Assembler"
optional = false
python-versions = ">=3.6"
files = [
    {file = "bpf_asm-0.1.2-cp310-cp310-macosx_10_9_x86_64.whl", hash = "sha256:8628b9c431641aaceebc82723d0ffba1eeb392fc170b0f43f40e1467d193b5e6"},
    {file = "bpf_asm-0.1.2-cp310-cp310-manylinux_2_17_x86_64.manylinux2014_x86_64.whl", hash = "sha256:e44b7c742844fbdaaec18168155bfb701181918beda90c6fe59e9d58c07c21e6"},
    {file = "bpf_asm-0.1.2-cp310-cp310-win32.whl", hash = "sha256:233741bd160c473c3887a104251cecd20f1eb96f28226196378c7084f87a69a7"},
    {file = "bpf_asm-0.1.2-cp310-cp310-win_amd64.whl", hash = "sha256:25befe0a55bd4d312c91f136cf1825c38701605e8a2f91d56a39e11753d9d2cd"},
    {file = "bpf_asm-0.1.2-cp311-cp311-macosx_10_9_x86_64.whl", hash = "sha256:9c0e64383ba54d546c9f8d4cfef9bbff1085c49854d4c8d66e3cd796e38f294c"},
    {file = "bpf_asm-0.1.2-cp311-cp311-manylinux_2_17_x86_64.manylinux2014_x86_64.whl", hash = "sha256:a80438e16522cedc545348b51c8aec623534405172bb922643571c38ffcbd457"},
    {file = "bpf_asm-0.1.2-cp311-cp311-win32.whl", hash = "sha256:3c99a729caac70b491cc970a246e1c1f0854ebf3ce9ab8cfe918cb736838d774"},
    {file = "bpf_asm-0.1.2-cp311-cp311-win_amd64.whl", hash = "sha256:4589b86c2a288151c6498eb152ab744e09c6978818ceddf775fae67b2138af03"},
    {file = "bpf_asm-0.1.2-cp36-cp36m-macosx_10_9_x86_64.whl", hash = "sha256:f7598306fd5886560f713a42fe252e69c9cf5f458fdfa3f6c0e7df99118d033b"},
    {file = "bpf_asm-0.1.2-cp36-cp36m-manylinux_2_17_x86_64.manylinux2014_x86_64.whl", hash = "sha256:ea2218846eef03db492e196c291ad455481649dd4c720f5f92936d9f53279be1"},
    {file = "bpf_asm-0.1.2-cp36-cp36m-win32.whl", hash = "sha256:c8f4c3574142a14dd2d60bfb7ac00a364f18be0ea4b0f62450c10b8d1e3cc984"},
    {file = "bpf_asm-0.1.2-cp36-cp36m-win_amd64.whl", hash = "sha256:3bdbad28558c0025e41fc9030cc6c8f17a8db1261f10589c478716099d2c5ed0"},
    {file = "bpf_asm-0.1.2-cp37-cp37m-macosx_10_9_x86_64.whl", hash = "sha256:eb95e079f6457747079d55727ea463cd033b2701f639b88a0c1e5128cedd898c"},
    {file = "bpf_asm-0.1.2-cp37-cp37m-manylinux_2_17_x86_64.manylinux2014_x86_64.whl", hash = "sha256:2326462b03bc5d9404e1ef97068443fafa6c616b7fea530c021bd9144647870b"},
    {file = "bpf_asm-0.1.2-cp37-cp37m-win32.whl", hash = "sha256:c728bf223dee81bd69183d0fb4bc345786eb533145df63a59a3de46aa1f7bbb2"},
    {file = "bpf_asm-0.1.2-cp37-cp37m-win_amd64.whl", hash = "sha256:c925e2c5050e57c8032fbcaf54a9ed296c635edf7546cd6bbd91872f5a22dd2e"},
    {file = "bpf_asm-0.1.2-cp38-cp38-macosx_10_9_x86_64.whl", hash = "sha256:09462a75ff74f6eb27f50977181d614d37bfc16f155587885cf6a4b163e41124"},
    {file = "bpf_asm-0.1.2-cp38-cp38-manylinux_2_17_x86_64.manylinux2014_x86_64.whl", hash = "sha256:b5b70f88a715ff0e1d25238771aa9ab1581b7994e92b2fce32f5f070101110d7"},
    {file = "bpf_asm-0.1.2-cp38-cp38-win32.whl", hash = "sha256:13448891f6c3688cd92a916fbbcbdff8742947cf1f8b2a16906835dbf52b6dba"},
    {file = "bpf_asm-0.1.2-cp38-cp38-win_amd64.whl", hash = "sha256:69cbfd54d01e34bd405f23cca0a0305df0f25c00a445629864fcebaa09f123f1"},
    {file = "bpf_asm-0.1.2-cp39-cp39-macosx_10_9_x86_64.whl", hash = "sha256:5c2c92b98999af0bb9e3e5cfa168f99916503a955ed9c8b30e725037ab23d173"},
    {file = "bpf_asm-0.1.2-cp39-cp39-manylinux_2_17_x86_64.manylinux2014_x86_64.whl", hash = "sha256:0c8476550f2e25c188b05e9ab08e78da5379e87ffe1061f9cd345d31e83a2064"},
    {file = "bpf_asm-0.1.2-cp39-cp39-win32.whl", hash = "sha256:f4d9b57133a3776a0827f47b6896f55dc9c92037997f44c415b24198f32953f4"},
    {file = "bpf_asm-0.1.2-cp39-cp39-win_amd64.whl", hash = "sha256:42848b9fbd7382ac12cb4a39418ba02b5f227364e82de4ea5bae70408b36452a"},
    {file = "bpf_asm-0.1.2.tar.gz", hash = "sha256:aca7d1a7bf6d438d7c0f7eeb60bcaafd0757fc9d822ba4d76aedc65a55823490"},
]

[package.extras]
dev = ["flake8", "pytest", "sphinx (==5.*)"]

[metadata]
lock-version = "2.0"
python-versions = "^3.11"
content-hash = "8edbb817ccd4b31486083c623a18778252b506e716dea5b2fb2bff95b9964920"
